
Microsoft Visual Studio Solution File, Format Version 12.00
# Visual Studio Version 17
VisualStudioVersion = 17.14.36327.8 d17.14
MinimumVisualStudioVersion = 10.0.40219.1
Project("{FAE04EC0-301F-11D3-BF4B-00C04F79EFBC}") = "TestUmbraco", "TestUmbraco.csproj", "{55B4D826-293E-588E-8E1F-F7F5E932586F}"
EndProject
Global
	GlobalSection(SolutionConfigurationPlatforms) = preSolution
		Debug|Any CPU = Debug|Any CPU
		Release|Any CPU = Release|Any CPU
	EndGlobalSection
	GlobalSection(ProjectConfigurationPlatforms) = postSolution
		{55B4D826-293E-588E-8E1F-F7F5E932586F}.Debug|Any CPU.ActiveCfg = Debug|Any CPU
		{55B4D826-293E-588E-8E1F-F7F5E932586F}.Debug|Any CPU.Build.0 = Debug|Any CPU
		{55B4D826-293E-588E-8E1F-F7F5E932586F}.Release|Any CPU.ActiveCfg = Release|Any CPU
		{55B4D826-293E-588E-8E1F-F7F5E932586F}.Release|Any CPU.Build.0 = Release|Any CPU
	EndGlobalSection
	GlobalSection(SolutionProperties) = preSolution
		HideSolutionNode = FALSE
	EndGlobalSection
	GlobalSection(ExtensibilityGlobals) = postSolution
<<<<<<< HEAD
		SolutionGuid = {2321993B-79F3-411D-B594-D3D01A2E04EA}
=======
		SolutionGuid = {71256967-D0AA-4045-9E03-076534333476}
>>>>>>> 31b9dd5f1c6e43c0add84c9d6f9cf2f03de59523
	EndGlobalSection
EndGlobal
